
Microsoft Visual Studio Solution File, Format Version 12.00
# Visual Studio Version 17
VisualStudioVersion = 17.4.33110.190
MinimumVisualStudioVersion = 10.0.40219.1
Project("{FAE04EC0-301F-11D3-BF4B-00C04F79EFBC}") = "ApıJwt", "ApıJwt\ApıJwt.csproj", "{2BB63D0A-FEFB-4366-9CEC-9A64A966B543}"
EndProject
Global
	GlobalSection(SolutionConfigurationPlatforms) = preSolution
		Debug|Any CPU = Debug|Any CPU
		Release|Any CPU = Release|Any CPU
	EndGlobalSection
	GlobalSection(ProjectConfigurationPlatforms) = postSolution
		{2BB63D0A-FEFB-4366-9CEC-9A64A966B543}.Debug|Any CPU.ActiveCfg = Debug|Any CPU
		{2BB63D0A-FEFB-4366-9CEC-9A64A966B543}.Debug|Any CPU.Build.0 = Debug|Any CPU
		{2BB63D0A-FEFB-4366-9CEC-9A64A966B543}.Release|Any CPU.ActiveCfg = Release|Any CPU
		{2BB63D0A-FEFB-4366-9CEC-9A64A966B543}.Release|Any CPU.Build.0 = Release|Any CPU
	EndGlobalSection
	GlobalSection(SolutionProperties) = preSolution
		HideSolutionNode = FALSE
	EndGlobalSection
	GlobalSection(ExtensibilityGlobals) = postSolution
		SolutionGuid = {887584F0-5D73-4C9C-BCBC-1B349418EBC5}
	EndGlobalSection
EndGlobal
